
Microsoft Visual Studio Solution File, Format Version 12.00
# Visual Studio 15
VisualStudioVersion = 15.0.28307.168
MinimumVisualStudioVersion = 10.0.40219.1
Project("{FAE04EC0-301F-11D3-BF4B-00C04F79EFBC}") = "Question-2", "Question-2\Question-2.csproj", "{EC91167D-851E-4771-A2A8-7B89D7DC384D}"
EndProject
Global
	GlobalSection(SolutionConfigurationPlatforms) = preSolution
		Debug|Any CPU = Debug|Any CPU
		Release|Any CPU = Release|Any CPU
	EndGlobalSection
	GlobalSection(ProjectConfigurationPlatforms) = postSolution
		{EC91167D-851E-4771-A2A8-7B89D7DC384D}.Debug|Any CPU.ActiveCfg = Debug|Any CPU
		{EC91167D-851E-4771-A2A8-7B89D7DC384D}.Debug|Any CPU.Build.0 = Debug|Any CPU
		{EC91167D-851E-4771-A2A8-7B89D7DC384D}.Release|Any CPU.ActiveCfg = Release|Any CPU
		{EC91167D-851E-4771-A2A8-7B89D7DC384D}.Release|Any CPU.Build.0 = Release|Any CPU
	EndGlobalSection
	GlobalSection(SolutionProperties) = preSolution
		HideSolutionNode = FALSE
	EndGlobalSection
	GlobalSection(ExtensibilityGlobals) = postSolution
		SolutionGuid = {BCA9E681-6065-4DCA-B9C1-C21F7733D97C}
	EndGlobalSection
EndGlobal
